
Microsoft Visual Studio Solution File, Format Version 12.00
Project("{FAE04EC0-301F-11D3-BF4B-00C04F79EFBC}") = "AnalysisData", "AnalysisData\AnalysisData.csproj", "{2B2F111F-D4DC-4BD5-9882-1FD89011B2E9}"
EndProject
Project("{FAE04EC0-301F-11D3-BF4B-00C04F79EFBC}") = "Application", "Application\Application.csproj", "{CC0E2643-9C48-4117-BFB6-239FD037AD10}"
EndProject
Project("{FAE04EC0-301F-11D3-BF4B-00C04F79EFBC}") = "Domain", "Domain\Domain.csproj", "{C846202E-355D-4941-91C0-E4231959C7DA}"
EndProject
Project("{FAE04EC0-301F-11D3-BF4B-00C04F79EFBC}") = "Infrastructure", "Infrastructure\Infrastructure.csproj", "{6FCF89F0-6B9D-4D9D-85B6-1F4B60C3C044}"
EndProject
Global
	GlobalSection(SolutionConfigurationPlatforms) = preSolution
		Debug|Any CPU = Debug|Any CPU
		Release|Any CPU = Release|Any CPU
	EndGlobalSection
	GlobalSection(ProjectConfigurationPlatforms) = postSolution
		{2B2F111F-D4DC-4BD5-9882-1FD89011B2E9}.Debug|Any CPU.ActiveCfg = Debug|Any CPU
		{2B2F111F-D4DC-4BD5-9882-1FD89011B2E9}.Debug|Any CPU.Build.0 = Debug|Any CPU
		{2B2F111F-D4DC-4BD5-9882-1FD89011B2E9}.Release|Any CPU.ActiveCfg = Release|Any CPU
		{2B2F111F-D4DC-4BD5-9882-1FD89011B2E9}.Release|Any CPU.Build.0 = Release|Any CPU
		{CC0E2643-9C48-4117-BFB6-239FD037AD10}.Debug|Any CPU.ActiveCfg = Debug|Any CPU
		{CC0E2643-9C48-4117-BFB6-239FD037AD10}.Debug|Any CPU.Build.0 = Debug|Any CPU
		{CC0E2643-9C48-4117-BFB6-239FD037AD10}.Release|Any CPU.ActiveCfg = Release|Any CPU
		{CC0E2643-9C48-4117-BFB6-239FD037AD10}.Release|Any CPU.Build.0 = Release|Any CPU
		{C846202E-355D-4941-91C0-E4231959C7DA}.Debug|Any CPU.ActiveCfg = Debug|Any CPU
		{C846202E-355D-4941-91C0-E4231959C7DA}.Debug|Any CPU.Build.0 = Debug|Any CPU
		{C846202E-355D-4941-91C0-E4231959C7DA}.Release|Any CPU.ActiveCfg = Release|Any CPU
		{C846202E-355D-4941-91C0-E4231959C7DA}.Release|Any CPU.Build.0 = Release|Any CPU
		{6FCF89F0-6B9D-4D9D-85B6-1F4B60C3C044}.Debug|Any CPU.ActiveCfg = Debug|Any CPU
		{6FCF89F0-6B9D-4D9D-85B6-1F4B60C3C044}.Debug|Any CPU.Build.0 = Debug|Any CPU
		{6FCF89F0-6B9D-4D9D-85B6-1F4B60C3C044}.Release|Any CPU.ActiveCfg = Release|Any CPU
		{6FCF89F0-6B9D-4D9D-85B6-1F4B60C3C044}.Release|Any CPU.Build.0 = Release|Any CPU
	EndGlobalSection
EndGlobal
